
Microsoft Visual Studio Solution File, Format Version 12.00
# Visual Studio 15
Project("{FAE04EC0-301F-11D3-BF4B-00C04F79EFBC}") = "Assembly-CSharp", "Assembly-CSharp.csproj", "{DD526EE9-7AE2-6B2B-8098-299CCADC6516}"
EndProject
Project("{FAE04EC0-301F-11D3-BF4B-00C04F79EFBC}") = "Assembly-CSharp-firstpass", "Assembly-CSharp-firstpass.csproj", "{9AC44587-72FC-0C3D-E343-E7C3210AB46A}"
EndProject
Project("{FAE04EC0-301F-11D3-BF4B-00C04F79EFBC}") = "Assembly-CSharp-Editor-firstpass", "Assembly-CSharp-Editor-firstpass.csproj", "{49535DA6-8CFC-8F24-53A9-3E364716AB3F}"
EndProject
Project("{FAE04EC0-301F-11D3-BF4B-00C04F79EFBC}") = "Assembly-CSharp-Editor", "Assembly-CSharp-Editor.csproj", "{CDFFC9B2-1E94-989C-AB02-A65806F1175E}"
EndProject
Global
	GlobalSection(SolutionConfigurationPlatforms) = preSolution
		Debug|Any CPU = Debug|Any CPU
		Release|Any CPU = Release|Any CPU
	EndGlobalSection
	GlobalSection(ProjectConfigurationPlatforms) = postSolution
		{DD526EE9-7AE2-6B2B-8098-299CCADC6516}.Debug|Any CPU.ActiveCfg = Debug|Any CPU
		{DD526EE9-7AE2-6B2B-8098-299CCADC6516}.Debug|Any CPU.Build.0 = Debug|Any CPU
		{DD526EE9-7AE2-6B2B-8098-299CCADC6516}.Release|Any CPU.ActiveCfg = Release|Any CPU
		{DD526EE9-7AE2-6B2B-8098-299CCADC6516}.Release|Any CPU.Build.0 = Release|Any CPU
		{9AC44587-72FC-0C3D-E343-E7C3210AB46A}.Debug|Any CPU.ActiveCfg = Debug|Any CPU
		{9AC44587-72FC-0C3D-E343-E7C3210AB46A}.Debug|Any CPU.Build.0 = Debug|Any CPU
		{9AC44587-72FC-0C3D-E343-E7C3210AB46A}.Release|Any CPU.ActiveCfg = Release|Any CPU
		{9AC44587-72FC-0C3D-E343-E7C3210AB46A}.Release|Any CPU.Build.0 = Release|Any CPU
		{49535DA6-8CFC-8F24-53A9-3E364716AB3F}.Debug|Any CPU.ActiveCfg = Debug|Any CPU
		{49535DA6-8CFC-8F24-53A9-3E364716AB3F}.Debug|Any CPU.Build.0 = Debug|Any CPU
		{49535DA6-8CFC-8F24-53A9-3E364716AB3F}.Release|Any CPU.ActiveCfg = Release|Any CPU
		{49535DA6-8CFC-8F24-53A9-3E364716AB3F}.Release|Any CPU.Build.0 = Release|Any CPU
		{CDFFC9B2-1E94-989C-AB02-A65806F1175E}.Debug|Any CPU.ActiveCfg = Debug|Any CPU
		{CDFFC9B2-1E94-989C-AB02-A65806F1175E}.Debug|Any CPU.Build.0 = Debug|Any CPU
		{CDFFC9B2-1E94-989C-AB02-A65806F1175E}.Release|Any CPU.ActiveCfg = Release|Any CPU
		{CDFFC9B2-1E94-989C-AB02-A65806F1175E}.Release|Any CPU.Build.0 = Release|Any CPU
	EndGlobalSection
	GlobalSection(SolutionProperties) = preSolution
		HideSolutionNode = FALSE
	EndGlobalSection
EndGlobal
